{
  "lockfileVersion": 1,
  "configVersion": 1,
  "workspaces": {
    "": {
      "name": "kora-demo-client",
      "dependencies": {
        "@solana-program/compute-budget": "^0.8.0",
        "@solana-program/memo": "^0.7.0",
        "@solana-program/system": "^0.7.0",
        "@solana-program/token": "^0.5.1",
        "@solana/assertions": "^5.1.0",
        "@solana/kit": "^5.1.0",
        "@solana/kora": "^0.1.0",
        "@solana/transaction-confirmation": "^5.1.0",
        "dotenv": "^17.2.0",
      },
      "devDependencies": {
        "@types/node": "^24.0.13",
        "tsx": "^4.20.5",
        "typescript": "^5.8.3",
      },
    },
  },
  "packages": {
    "@esbuild/aix-ppc64": ["@esbuild/aix-ppc64@0.25.9", "", { "os": "aix", "cpu": "ppc64" }, "sha512-OaGtL73Jck6pBKjNIe24BnFE6agGl+6KxDtTfHhy1HmhthfKouEcOhqpSL64K4/0WCtbKFLOdzD/44cJ4k9opA=="],

    "@esbuild/android-arm": ["@esbuild/android-arm@0.25.9", "", { "os": "android", "cpu": "arm" }, "sha512-5WNI1DaMtxQ7t7B6xa572XMXpHAaI/9Hnhk8lcxF4zVN4xstUgTlvuGDorBguKEnZO70qwEcLpfifMLoxiPqHQ=="],

    "@esbuild/android-arm64": ["@esbuild/android-arm64@0.25.9", "", { "os": "android", "cpu": "arm64" }, "sha512-IDrddSmpSv51ftWslJMvl3Q2ZT98fUSL2/rlUXuVqRXHCs5EUF1/f+jbjF5+NG9UffUDMCiTyh8iec7u8RlTLg=="],

    "@esbuild/android-x64": ["@esbuild/android-x64@0.25.9", "", { "os": "android", "cpu": "x64" }, "sha512-I853iMZ1hWZdNllhVZKm34f4wErd4lMyeV7BLzEExGEIZYsOzqDWDf+y082izYUE8gtJnYHdeDpN/6tUdwvfiw=="],

    "@esbuild/darwin-arm64": ["@esbuild/darwin-arm64@0.25.9", "", { "os": "darwin", "cpu": "arm64" }, "sha512-XIpIDMAjOELi/9PB30vEbVMs3GV1v2zkkPnuyRRURbhqjyzIINwj+nbQATh4H9GxUgH1kFsEyQMxwiLFKUS6Rg=="],

    "@esbuild/darwin-x64": ["@esbuild/darwin-x64@0.25.9", "", { "os": "darwin", "cpu": "x64" }, "sha512-jhHfBzjYTA1IQu8VyrjCX4ApJDnH+ez+IYVEoJHeqJm9VhG9Dh2BYaJritkYK3vMaXrf7Ogr/0MQ8/MeIefsPQ=="],

    "@esbuild/freebsd-arm64": ["@esbuild/freebsd-arm64@0.25.9", "", { "os": "freebsd", "cpu": "arm64" }, "sha512-z93DmbnY6fX9+KdD4Ue/H6sYs+bhFQJNCPZsi4XWJoYblUqT06MQUdBCpcSfuiN72AbqeBFu5LVQTjfXDE2A6Q=="],

    "@esbuild/freebsd-x64": ["@esbuild/freebsd-x64@0.25.9", "", { "os": "freebsd", "cpu": "x64" }, "sha512-mrKX6H/vOyo5v71YfXWJxLVxgy1kyt1MQaD8wZJgJfG4gq4DpQGpgTB74e5yBeQdyMTbgxp0YtNj7NuHN0PoZg=="],

    "@esbuild/linux-arm": ["@esbuild/linux-arm@0.25.9", "", { "os": "linux", "cpu": "arm" }, "sha512-HBU2Xv78SMgaydBmdor38lg8YDnFKSARg1Q6AT0/y2ezUAKiZvc211RDFHlEZRFNRVhcMamiToo7bDx3VEOYQw=="],

    "@esbuild/linux-arm64": ["@esbuild/linux-arm64@0.25.9", "", { "os": "linux", "cpu": "arm64" }, "sha512-BlB7bIcLT3G26urh5Dmse7fiLmLXnRlopw4s8DalgZ8ef79Jj4aUcYbk90g8iCa2467HX8SAIidbL7gsqXHdRw=="],

    "@esbuild/linux-ia32": ["@esbuild/linux-ia32@0.25.9", "", { "os": "linux", "cpu": "ia32" }, "sha512-e7S3MOJPZGp2QW6AK6+Ly81rC7oOSerQ+P8L0ta4FhVi+/j/v2yZzx5CqqDaWjtPFfYz21Vi1S0auHrap3Ma3A=="],

    "@esbuild/linux-loong64": ["@esbuild/linux-loong64@0.25.9", "", { "os": "linux", "cpu": "none" }, "sha512-Sbe10Bnn0oUAB2AalYztvGcK+o6YFFA/9829PhOCUS9vkJElXGdphz0A3DbMdP8gmKkqPmPcMJmJOrI3VYB1JQ=="],

    "@esbuild/linux-mips64el": ["@esbuild/linux-mips64el@0.25.9", "", { "os": "linux", "cpu": "none" }, "sha512-YcM5br0mVyZw2jcQeLIkhWtKPeVfAerES5PvOzaDxVtIyZ2NUBZKNLjC5z3/fUlDgT6w89VsxP2qzNipOaaDyA=="],

    "@esbuild/linux-ppc64": ["@esbuild/linux-ppc64@0.25.9", "", { "os": "linux", "cpu": "ppc64" }, "sha512-++0HQvasdo20JytyDpFvQtNrEsAgNG2CY1CLMwGXfFTKGBGQT3bOeLSYE2l1fYdvML5KUuwn9Z8L1EWe2tzs1w=="],

    "@esbuild/linux-riscv64": ["@esbuild/linux-riscv64@0.25.9", "", { "os": "linux", "cpu": "none" }, "sha512-uNIBa279Y3fkjV+2cUjx36xkx7eSjb8IvnL01eXUKXez/CBHNRw5ekCGMPM0BcmqBxBcdgUWuUXmVWwm4CH9kg=="],

    "@esbuild/linux-s390x": ["@esbuild/linux-s390x@0.25.9", "", { "os": "linux", "cpu": "s390x" }, "sha512-Mfiphvp3MjC/lctb+7D287Xw1DGzqJPb/J2aHHcHxflUo+8tmN/6d4k6I2yFR7BVo5/g7x2Monq4+Yew0EHRIA=="],

    "@esbuild/linux-x64": ["@esbuild/linux-x64@0.25.9", "", { "os": "linux", "cpu": "x64" }, "sha512-iSwByxzRe48YVkmpbgoxVzn76BXjlYFXC7NvLYq+b+kDjyyk30J0JY47DIn8z1MO3K0oSl9fZoRmZPQI4Hklzg=="],

    "@esbuild/netbsd-arm64": ["@esbuild/netbsd-arm64@0.25.9", "", { "os": "none", "cpu": "arm64" }, "sha512-9jNJl6FqaUG+COdQMjSCGW4QiMHH88xWbvZ+kRVblZsWrkXlABuGdFJ1E9L7HK+T0Yqd4akKNa/lO0+jDxQD4Q=="],

    "@esbuild/netbsd-x64": ["@esbuild/netbsd-x64@0.25.9", "", { "os": "none", "cpu": "x64" }, "sha512-RLLdkflmqRG8KanPGOU7Rpg829ZHu8nFy5Pqdi9U01VYtG9Y0zOG6Vr2z4/S+/3zIyOxiK6cCeYNWOFR9QP87g=="],

    "@esbuild/openbsd-arm64": ["@esbuild/openbsd-arm64@0.25.9", "", { "os": "openbsd", "cpu": "arm64" }, "sha512-YaFBlPGeDasft5IIM+CQAhJAqS3St3nJzDEgsgFixcfZeyGPCd6eJBWzke5piZuZ7CtL656eOSYKk4Ls2C0FRQ=="],

    "@esbuild/openbsd-x64": ["@esbuild/openbsd-x64@0.25.9", "", { "os": "openbsd", "cpu": "x64" }, "sha512-1MkgTCuvMGWuqVtAvkpkXFmtL8XhWy+j4jaSO2wxfJtilVCi0ZE37b8uOdMItIHz4I6z1bWWtEX4CJwcKYLcuA=="],

    "@esbuild/openharmony-arm64": ["@esbuild/openharmony-arm64@0.25.9", "", { "os": "none", "cpu": "arm64" }, "sha512-4Xd0xNiMVXKh6Fa7HEJQbrpP3m3DDn43jKxMjxLLRjWnRsfxjORYJlXPO4JNcXtOyfajXorRKY9NkOpTHptErg=="],

    "@esbuild/sunos-x64": ["@esbuild/sunos-x64@0.25.9", "", { "os": "sunos", "cpu": "x64" }, "sha512-WjH4s6hzo00nNezhp3wFIAfmGZ8U7KtrJNlFMRKxiI9mxEK1scOMAaa9i4crUtu+tBr+0IN6JCuAcSBJZfnphw=="],

    "@esbuild/win32-arm64": ["@esbuild/win32-arm64@0.25.9", "", { "os": "win32", "cpu": "arm64" }, "sha512-mGFrVJHmZiRqmP8xFOc6b84/7xa5y5YvR1x8djzXpJBSv/UsNK6aqec+6JDjConTgvvQefdGhFDAs2DLAds6gQ=="],

    "@esbuild/win32-ia32": ["@esbuild/win32-ia32@0.25.9", "", { "os": "win32", "cpu": "ia32" }, "sha512-b33gLVU2k11nVx1OhX3C8QQP6UHQK4ZtN56oFWvVXvz2VkDoe6fbG8TOgHFxEvqeqohmRnIHe5A1+HADk4OQww=="],

    "@esbuild/win32-x64": ["@esbuild/win32-x64@0.25.9", "", { "os": "win32", "cpu": "x64" }, "sha512-PPOl1mi6lpLNQxnGoyAfschAodRFYXJ+9fs6WHXz7CSWKbOqiMZsubC+BQsVKuul+3vKLuwTHsS2c2y9EoKwxQ=="],

    "@solana-program/compute-budget": ["@solana-program/compute-budget@0.8.0", "", { "peerDependencies": { "@solana/kit": "5.4.0" } }, "sha512-qPKxdxaEsFxebZ4K5RPuy7VQIm/tfJLa1+Nlt3KNA8EYQkz9Xm8htdoEaXVrer9kpgzzp9R3I3Bh6omwCM06tQ=="],

    "@solana-program/memo": ["@solana-program/memo@0.7.0", "", { "peerDependencies": { "@solana/kit": "5.4.0" } }, "sha512-3T9iUjWSYtN/5S5jzJuasD2yQfVfFAQ9yTwIE25+P9peWqz4oarn6ZQvRj/FLcBqaMLtSqLhU1hN2cyVBS6hyg=="],

    "@solana-program/system": ["@solana-program/system@0.7.0", "", { "peerDependencies": { "@solana/kit": "5.4.0" } }, "sha512-FKTBsKHpvHHNc1ATRm7SlC5nF/VdJtOSjldhcyfMN9R7xo712Mo2jHIzvBgn8zQO5Kg0DcWuKB7268Kv1ocicw=="],

    "@solana-program/token": ["@solana-program/token@0.5.1", "", { "peerDependencies": { "@solana/kit": "5.4.0" } }, "sha512-bJvynW5q9SFuVOZ5vqGVkmaPGA0MCC+m9jgJj1nk5m20I389/ms69ASnhWGoOPNcie7S9OwBX0gTj2fiyWpfag=="],

    "@solana/accounts": ["@solana/accounts@5.4.0", "", { "dependencies": { "@solana/addresses": "5.4.0", "@solana/codecs-core": "5.4.0", "@solana/codecs-strings": "5.4.0", "@solana/errors": "5.4.0", "@solana/rpc-spec": "5.4.0", "@solana/rpc-types": "5.4.0" }, "optionalDependencies": { "typescript": "5.9.2" } }, "sha512-qHtAtwCcCFTXcya6JOOG1nzYicivivN/JkcYNHr10qOp9b4MVRkfW1ZAAG1CNzjMe5+mwtEl60RwdsY9jXNb+Q=="],

    "@solana/addresses": ["@solana/addresses@5.4.0", "", { "dependencies": { "@solana/assertions": "5.4.0", "@solana/codecs-core": "5.4.0", "@solana/codecs-strings": "5.4.0", "@solana/errors": "5.4.0", "@solana/nominal-types": "5.4.0" }, "optionalDependencies": { "typescript": "5.9.2" } }, "sha512-YRHiH30S8qDV4bZ+mtEk589PGfBuXHzD/fK2Z+YI5f/+s+yi/5le/fVw7PN6LxnnmVQKiRCDUiNF+WmFFKi6QQ=="],

    "@solana/assertions": ["@solana/assertions@5.4.0", "", { "dependencies": { "@solana/errors": "5.4.0" }, "optionalDependencies": { "typescript": "5.9.2" } }, "sha512-8EP7mkdnrPc9y67FqWeAPzdWq2qAOkxsuo+ZBIXNWtIixDtXIdHrgjZ/wqbWxLgSTtXEfBCjpZU55Xw2Qfbwyg=="],

    "@solana/codecs": ["@solana/codecs@5.4.0", "", { "dependencies": { "@solana/codecs-core": "5.4.0", "@solana/codecs-data-structures": "5.4.0", "@solana/codecs-numbers": "5.4.0", "@solana/codecs-strings": "5.4.0", "@solana/options": "5.4.0" }, "optionalDependencies": { "typescript": "5.9.2" } }, "sha512-IbDCUvNX0MrkQahxiXj9rHzkd/fYfp1F2nTJkHGH8v+vPfD+YPjl007ZBM38EnCeXj/Xn+hxqBBivPvIHP29dA=="],

    "@solana/codecs-core": ["@solana/codecs-core@5.4.0", "", { "dependencies": { "@solana/errors": "5.4.0" }, "optionalDependencies": { "typescript": "5.9.2" } }, "sha512-rQ5jXgiDe2vIU+mYCHDjgwMd9WdzZfh4sc5H6JgYleAUjeTUX6mx8hTV2+pcXvvn27LPrgrt9jfxswbDb8O8ww=="],

    "@solana/codecs-data-structures": ["@solana/codecs-data-structures@5.4.0", "", { "dependencies": { "@solana/codecs-core": "5.4.0", "@solana/codecs-numbers": "5.4.0", "@solana/errors": "5.4.0" }, "optionalDependencies": { "typescript": "5.9.2" } }, "sha512-LVssbdQ1GfY6upnxW3mufYsNfvTWKnHNk5Hx2gHuOYJhm3HZlp+Y8zvuoY65G1d1xAXkPz5YVGxaSeVIRWLGWg=="],

    "@solana/codecs-numbers": ["@solana/codecs-numbers@5.4.0", "", { "dependencies": { "@solana/codecs-core": "5.4.0", "@solana/errors": "5.4.0" }, "optionalDependencies": { "typescript": "5.9.2" } }, "sha512-z6LMkY+kXWx1alrvIDSAxexY5QLhsso638CjM7XI1u6dB7drTLWKhifyjnm1vOQc1VPVFmbYxTgKKpds8TY8tg=="],

    "@solana/codecs-strings": ["@solana/codecs-strings@5.4.0", "", { "dependencies": { "@solana/codecs-core": "5.4.0", "@solana/codecs-numbers": "5.4.0", "@solana/errors": "5.4.0" }, "optionalDependencies": { "fastestsmallesttextencoderdecoder": "1.0.22", "typescript": "5.9.2" } }, "sha512-w0trrjfQDhkCVz7O1GTmHBk9m+MkljKx2uNBbQAD3/yW2Qn9dYiTrZ1/jDVq0/+lPPAUkbT3s3Yo7HUZ2QFmHw=="],

    "@solana/errors": ["@solana/errors@5.4.0", "", { "dependencies": { "chalk": "5.6.2", "commander": "14.0.2" }, "optionalDependencies": { "typescript": "5.9.2" }, "bin": { "errors": "bin/cli.mjs" } }, "sha512-hNoAOmlZAszaVBrAy1Jf7amHJ8wnUnTU0BqhNQXknbSvirvsYr81yEud2iq18YiCqhyJ9SuQ5kWrSAT0x7S0oA=="],

    "@solana/fast-stable-stringify": ["@solana/fast-stable-stringify@5.4.0", "", { "optionalDependencies": { "typescript": "5.9.2" } }, "sha512-KB7PUL7yalPvbWCezzyUDVRDp39eHLPH7OJ6S8VFT8YNIFUANwwj5ctui50Fim76kvSYDdYJOclXV45O2gfQ8Q=="],

    "@solana/functional": ["@solana/functional@5.4.0", "", { "optionalDependencies": { "typescript": "5.9.2" } }, "sha512-32ghHO0bg6GgX/7++0/7Lps6RgeXD2gKF1okiuyEGuVfKENIapgaQdcGhUwb3q6D6fv6MRAVn/Yve4jopGVNMQ=="],

    "@solana/instruction-plans": ["@solana/instruction-plans@5.4.0", "", { "dependencies": { "@solana/errors": "5.4.0", "@solana/instructions": "5.4.0", "@solana/keys": "5.4.0", "@solana/promises": "5.4.0", "@solana/transaction-messages": "5.4.0", "@solana/transactions": "5.4.0" }, "optionalDependencies": { "typescript": "5.9.2" } }, "sha512-5xbJ+I/pP2aWECmK75bEM1zCnIITlohAK83dVN+t5X2vBFrr6M9gifo8r4Opdnibsgo6QVVkKPxRo5zow5j0ig=="],

    "@solana/instructions": ["@solana/instructions@5.4.0", "", { "dependencies": { "@solana/codecs-core": "5.4.0", "@solana/errors": "5.4.0" }, "optionalDependencies": { "typescript": "5.9.2" } }, "sha512-//a7jpHbNoAgTqy3YyqG1X6QhItJLKzJa6zuYJGCwaAAJye7BxS9pxJBgb2mUt7CGidhUksf+U8pmLlxCNWYyg=="],

    "@solana/keys": ["@solana/keys@5.4.0", "", { "dependencies": { "@solana/assertions": "5.4.0", "@solana/codecs-core": "5.4.0", "@solana/codecs-strings": "5.4.0", "@solana/errors": "5.4.0", "@solana/nominal-types": "5.4.0" }, "optionalDependencies": { "typescript": "5.9.2" } }, "sha512-zQVbAwdoXorgXjlhlVTZaymFG6N8n1zn2NT+xI6S8HtbrKIB/42xPdXFh+zIihGzRw+9k8jzU7Axki/IPm6qWQ=="],

    "@solana/kit": ["@solana/kit@5.4.0", "", { "dependencies": { "@solana/accounts": "5.4.0", "@solana/addresses": "5.4.0", "@solana/codecs": "5.4.0", "@solana/errors": "5.4.0", "@solana/functional": "5.4.0", "@solana/instruction-plans": "5.4.0", "@solana/instructions": "5.4.0", "@solana/keys": "5.4.0", "@solana/offchain-messages": "5.4.0", "@solana/plugin-core": "5.4.0", "@solana/programs": "5.4.0", "@solana/rpc": "5.4.0", "@solana/rpc-api": "5.4.0", "@solana/rpc-parsed-types": "5.4.0", "@solana/rpc-spec-types": "5.4.0", "@solana/rpc-subscriptions": "5.4.0", "@solana/rpc-types": "5.4.0", "@solana/signers": "5.4.0", "@solana/sysvars": "5.4.0", "@solana/transaction-confirmation": "5.4.0", "@solana/transaction-messages": "5.4.0", "@solana/transactions": "5.4.0" }, "optionalDependencies": { "typescript": "5.9.2" } }, "sha512-aVjN26jOEzJA6UBYxSTQciZPXgTxWnO/WysHrw+yeBL/5AaTZnXEgb4j5xV6cUFzOlVxhJBrx51xtoxSqJ0u3g=="],

    "@solana/kora": ["@solana/kora@0.1.1", "", { "peerDependencies": { "@solana-program/token": "0.5.1", "@solana/kit": "5.4.0" } }, "sha512-8INbMb2spqfksoBmiXpaNX/lQhiVcfULTXVT38pZbAjaQNduK5a2HMtcuPT3Hetr/FNK6bDHVMzR1dIpQNV05w=="],

    "@solana/nominal-types": ["@solana/nominal-types@5.4.0", "", { "optionalDependencies": { "typescript": "5.9.2" } }, "sha512-h4dTRQwTerzksE5B1WmObN6TvLo8dYUd7kpUUynGd8WJjK0zz3zkDhq0MkA3aF6A1C2C82BSGqSsN9EN0E6Exg=="],

    "@solana/offchain-messages": ["@solana/offchain-messages@5.4.0", "", { "dependencies": { "@solana/addresses": "5.4.0", "@solana/codecs-core": "5.4.0", "@solana/codecs-data-structures": "5.4.0", "@solana/codecs-numbers": "5.4.0", "@solana/codecs-strings": "5.4.0", "@solana/errors": "5.4.0", "@solana/keys": "5.4.0", "@solana/nominal-types": "5.4.0" }, "optionalDependencies": { "typescript": "5.9.2" } }, "sha512-DjdlYJCcKfgh4dkdk+owH1bP+Q4BRqCs55mgWWp9PTwm/HHy/a5vcMtCi1GyIQXfhtNNvKBLbXrUE0Fxej8qlg=="],

    "@solana/options": ["@solana/options@5.4.0", "", { "dependencies": { "@solana/codecs-core": "5.4.0", "@solana/codecs-data-structures": "5.4.0", "@solana/codecs-numbers": "5.4.0", "@solana/codecs-strings": "5.4.0", "@solana/errors": "5.4.0" }, "optionalDependencies": { "typescript": "5.9.2" } }, "sha512-h4vTWRChEXPhaHo9i1pCyQBWWs+NqYPQRXSAApqpUYvHb9Kct/C6KbHjfyaRMyqNQnDHLcJCX7oW9tk0iRDzIg=="],

    "@solana/plugin-core": ["@solana/plugin-core@5.4.0", "", { "optionalDependencies": { "typescript": "5.9.2" } }, "sha512-e1aLGLldW7C5113qTOjFYSGq95a4QC9TWb77iq+8l6h085DcNj+195r4E2zKaINrevQjQTwvxo00oUyHP7hSJA=="],

    "@solana/programs": ["@solana/programs@5.4.0", "", { "dependencies": { "@solana/addresses": "5.4.0", "@solana/errors": "5.4.0" }, "optionalDependencies": { "typescript": "5.9.2" } }, "sha512-Sc90WK9ZZ7MghOflIvkrIm08JwsFC99yqSJy28/K+hDP2tcx+1x+H6OFP9cumW9eUA1+JVRDeKAhA8ak7e/kUA=="],

    "@solana/promises": ["@solana/promises@5.4.0", "", { "optionalDependencies": { "typescript": "5.9.2" } }, "sha512-23mfgNBbuP6Q+4vsixGy+GkyZ7wBLrxTBNXqrG/XWrJhjuuSkjEUGaK4Fx5o7LIrBi6KGqPknKxmTlvqnJhy2Q=="],

    "@solana/rpc": ["@solana/rpc@5.4.0", "", { "dependencies": { "@solana/errors": "5.4.0", "@solana/fast-stable-stringify": "5.4.0", "@solana/functional": "5.4.0", "@solana/rpc-api": "5.4.0", "@solana/rpc-spec": "5.4.0", "@solana/rpc-spec-types": "5.4.0", "@solana/rpc-transformers": "5.4.0", "@solana/rpc-transport-http": "5.4.0", "@solana/rpc-types": "5.4.0" }, "optionalDependencies": { "typescript": "5.9.2" } }, "sha512-S6GRG+usnubDs0JSpgc0ZWEh9IPL5KPWMuBoD8ggGVOIVWntp53FpvhYslNzbxWBXlTvJecr2todBipGVM/AqQ=="],

    "@solana/rpc-api": ["@solana/rpc-api@5.4.0", "", { "dependencies": { "@solana/addresses": "5.4.0", "@solana/codecs-core": "5.4.0", "@solana/codecs-strings": "5.4.0", "@solana/errors": "5.4.0", "@solana/keys": "5.4.0", "@solana/rpc-parsed-types": "5.4.0", "@solana/rpc-spec": "5.4.0", "@solana/rpc-transformers": "5.4.0", "@solana/rpc-types": "5.4.0", "@solana/transaction-messages": "5.4.0", "@solana/transactions": "5.4.0" }, "optionalDependencies": { "typescript": "5.9.2" } }, "sha512-FJL6KaAsQ4DhfhLKKMcqbTpToNFwHlABCemIpOunE3OSqJFDrmc/NbsEaLIoeHyIg3d1Imo49GIUOn2TEouFUA=="],

    "@solana/rpc-parsed-types": ["@solana/rpc-parsed-types@5.4.0", "", { "optionalDependencies": { "typescript": "5.9.2" } }, "sha512-IRQuSzx+Sj1A3XGiIzguNZlMjMMybXTTjV/RnTwBgnJQPd/H4us4pfPD94r+/yolWDVfGjJRm04hnKVMjJU8Rg=="],

    "@solana/rpc-spec": ["@solana/rpc-spec@5.4.0", "", { "dependencies": { "@solana/errors": "5.4.0", "@solana/rpc-spec-types": "5.4.0" }, "optionalDependencies": { "typescript": "5.9.2" } }, "sha512-XMhxBb1GuZ3Kaeu5WNHB5KteCQ/aVuMByZmUKPqaanD+gs5MQZr0g62CvN7iwRlFU7GC18Q73ROWR3/JjzbXTA=="],

    "@solana/rpc-spec-types": ["@solana/rpc-spec-types@5.4.0", "", { "optionalDependencies": { "typescript": "5.9.2" } }, "sha512-JU9hC5/iyJx30ym17gpoXDtT9rCbO6hLpB6UDhSFFoNeirxtTVb4OdnKtsjJDfXAiXsynJRsZRwfj3vGxRLgQw=="],

    "@solana/rpc-subscriptions": ["@solana/rpc-subscriptions@5.4.0", "", { "dependencies": { "@solana/errors": "5.4.0", "@solana/fast-stable-stringify": "5.4.0", "@solana/functional": "5.4.0", "@solana/promises": "5.4.0", "@solana/rpc-spec-types": "5.4.0", "@solana/rpc-subscriptions-api": "5.4.0", "@solana/rpc-subscriptions-channel-websocket": "5.4.0", "@solana/rpc-subscriptions-spec": "5.4.0", "@solana/rpc-transformers": "5.4.0", "@solana/rpc-types": "5.4.0", "@solana/subscribable": "5.4.0" }, "optionalDependencies": { "typescript": "5.9.2" } }, "sha512-051t1CEjjAzM9ohjj2zb3ED70yeS3ZY8J5wSytL6tthTGImw/JB2a0D9DWMOKriFKt496n95IC+IdpJ35CpBWA=="],

    "@solana/rpc-subscriptions-api": ["@solana/rpc-subscriptions-api@5.4.0", "", { "dependencies": { "@solana/addresses": "5.4.0", "@solana/keys": "5.4.0", "@solana/rpc-subscriptions-spec": "5.4.0", "@solana/rpc-transformers": "5.4.0", "@solana/rpc-types": "5.4.0", "@solana/transaction-messages": "5.4.0", "@solana/transactions": "5.4.0" }, "optionalDependencies": { "typescript": "5.9.2" } }, "sha512-euAFIG6ruEsqK+MsrL1tGSMbbOumm8UAyGzlD/kmXsAqqhcVsSeZdv5+BMIHIBsQ93GHcloA8UYw1BTPhpgl9w=="],

    "@solana/rpc-subscriptions-channel-websocket": ["@solana/rpc-subscriptions-channel-websocket@5.4.0", "", { "dependencies": { "@solana/errors": "5.4.0", "@solana/functional": "5.4.0", "@solana/rpc-subscriptions-spec": "5.4.0", "@solana/subscribable": "5.4.0", "ws": "8.19.0" }, "optionalDependencies": { "typescript": "5.9.2" } }, "sha512-kWCmlW65MccxqXwKsIz+LkXUYQizgvBrrgYOkyclJHPa+zx4gqJjam87+wzvO9cfbDZRer3wtJBaRm61gTHNbw=="],

    "@solana/rpc-subscriptions-spec": ["@solana/rpc-subscriptions-spec@5.4.0", "", { "dependencies": { "@solana/errors": "5.4.0", "@solana/promises": "5.4.0", "@solana/rpc-spec-types": "5.4.0", "@solana/subscribable": "5.4.0" }, "optionalDependencies": { "typescript": "5.9.2" } }, "sha512-ELaV9Z39GtKyUO0++he00ymWleb07QXYJhSfA0e1N5Q9hXu/Y366kgXHDcbZ/oUJkT3ylNgTupkrsdtiy8Ryow=="],

    "@solana/rpc-transformers": ["@solana/rpc-transformers@5.4.0", "", { "dependencies": { "@solana/errors": "5.4.0", "@solana/functional": "5.4.0", "@solana/nominal-types": "5.4.0", "@solana/rpc-spec-types": "5.4.0", "@solana/rpc-types": "5.4.0" }, "optionalDependencies": { "typescript": "5.9.2" } }, "sha512-dZ8keYloLW+eRAwAPb471uWCFs58yHloLoI+QH0FulYpsSJ7F2BNWYcdnjSS/WiggsNcU6DhpWzYAzlEY66lGQ=="],

    "@solana/rpc-transport-http": ["@solana/rpc-transport-http@5.4.0", "", { "dependencies": { "@solana/errors": "5.4.0", "@solana/rpc-spec": "5.4.0", "@solana/rpc-spec-types": "5.4.0", "undici-types": "7.19.0" }, "optionalDependencies": { "typescript": "5.9.2" } }, "sha512-vidA+Qtqrnqp3QSVumWHdWJ/986yCr5+qX3fbc9KPm9Ofoto88OMWB/oLJvi2Tfges1UBu/jl+lJdsVckCM1bA=="],

    "@solana/rpc-types": ["@solana/rpc-types@5.4.0", "", { "dependencies": { "@solana/addresses": "5.4.0", "@solana/codecs-core": "5.4.0", "@solana/codecs-numbers": "5.4.0", "@solana/codecs-strings": "5.4.0", "@solana/errors": "5.4.0", "@solana/nominal-types": "5.4.0" }, "optionalDependencies": { "typescript": "5.9.2" } }, "sha512-+C4N4/5AYzBdt3Y2yzkScknScy/jTx6wfvuJIY9XjOXtdDyZ8TmrnMwdPMTZPGLdLuHplJwlwy1acu/4hqmrBQ=="],

    "@solana/signers": ["@solana/signers@5.4.0", "", { "dependencies": { "@solana/addresses": "5.4.0", "@solana/codecs-core": "5.4.0", "@solana/errors": "5.4.0", "@solana/instructions": "5.4.0", "@solana/keys": "5.4.0", "@solana/nominal-types": "5.4.0", "@solana/offchain-messages": "5.4.0", "@solana/transaction-messages": "5.4.0", "@solana/transactions": "5.4.0" }, "optionalDependencies": { "typescript": "5.9.2" } }, "sha512-s+fZxpi6UPr6XNk2pH/R84WjNRoSktrgG8AGNfsj/V8MJ++eKX7hhIf4JsHZtnnQXXrHmS3ozB2oHlc8yEJvCQ=="],

    "@solana/subscribable": ["@solana/subscribable@5.4.0", "", { "dependencies": { "@solana/errors": "5.4.0" }, "optionalDependencies": { "typescript": "5.9.2" } }, "sha512-72LmfNX7UENgA24sn/xjlWpPAOsrxkWb9DQhuPZxly/gq8rl/rvr7Xu9qBkvFF2po9XpdUrKlccqY4awvfpltA=="],

    "@solana/sysvars": ["@solana/sysvars@5.4.0", "", { "dependencies": { "@solana/accounts": "5.4.0", "@solana/codecs": "5.4.0", "@solana/errors": "5.4.0", "@solana/rpc-types": "5.4.0" }, "optionalDependencies": { "typescript": "5.9.2" } }, "sha512-A5NES7sOlFmpnsiEts5vgyL3NXrt/tGGVSEjlEGvsgwl5EDZNv+xWnNA400uMDqd9O3a5PmH7p/6NsgR+kUzSg=="],

    "@solana/transaction-confirmation": ["@solana/transaction-confirmation@5.4.0", "", { "dependencies": { "@solana/addresses": "5.4.0", "@solana/codecs-strings": "5.4.0", "@solana/errors": "5.4.0", "@solana/keys": "5.4.0", "@solana/promises": "5.4.0", "@solana/rpc": "5.4.0", "@solana/rpc-subscriptions": "5.4.0", "@solana/rpc-types": "5.4.0", "@solana/transaction-messages": "5.4.0", "@solana/transactions": "5.4.0" }, "optionalDependencies": { "typescript": "5.9.2" } }, "sha512-EdSDgxs84/4gkjQw2r7N+Kgus8x9U+NFo0ufVG+48V8Hzy2t0rlBuXgIxwx0zZwUuTIgaKhpIutJgVncwZ5koA=="],

    "@solana/transaction-messages": ["@solana/transaction-messages@5.4.0", "", { "dependencies": { "@solana/addresses": "5.4.0", "@solana/codecs-core": "5.4.0", "@solana/codecs-data-structures": "5.4.0", "@solana/codecs-numbers": "5.4.0", "@solana/errors": "5.4.0", "@solana/functional": "5.4.0", "@solana/instructions": "5.4.0", "@solana/nominal-types": "5.4.0", "@solana/rpc-types": "5.4.0" }, "optionalDependencies": { "typescript": "5.9.2" } }, "sha512-qd/3kZDaPiHM0amhn3vXnupfcsFTVz6CYuHXvq9HFv/fq32+5Kp1FMLnmHwoSxQxdTMDghPdOhC4vhNhuWmuVQ=="],

    "@solana/transactions": ["@solana/transactions@5.4.0", "", { "dependencies": { "@solana/addresses": "5.4.0", "@solana/codecs-core": "5.4.0", "@solana/codecs-data-structures": "5.4.0", "@solana/codecs-numbers": "5.4.0", "@solana/codecs-strings": "5.4.0", "@solana/errors": "5.4.0", "@solana/functional": "5.4.0", "@solana/instructions": "5.4.0", "@solana/keys": "5.4.0", "@solana/nominal-types": "5.4.0", "@solana/rpc-types": "5.4.0", "@solana/transaction-messages": "5.4.0" }, "optionalDependencies": { "typescript": "5.9.2" } }, "sha512-OuY4M4x/xna8KZQIrz8tSrI9EEul9Od97XejqFmGGkEjbRsUOfJW8705TveTW8jU3bd5RGecFYscPgS2F+m7jQ=="],

    "@types/node": ["@types/node@24.2.1", "", { "dependencies": { "undici-types": "7.10.0" } }, "sha512-DRh5K+ka5eJic8CjH7td8QpYEV6Zo10gfRkjHCO3weqZHWDtAaSTFtl4+VMqOJ4N5jcuhZ9/l+yy8rVgw7BQeQ=="],

    "chalk": ["chalk@5.6.2", "", {}, "sha512-7NzBL0rN6fMUW+f7A6Io4h40qQlG+xGmtMxfbnH/K7TAtt8JQWVQK+6g0UXKMeVJoyV5EkkNsErQ8pVD3bLHbA=="],

    "commander": ["commander@14.0.2", "", {}, "sha512-TywoWNNRbhoD0BXs1P3ZEScW8W5iKrnbithIl0YH+uCmBd0QpPOA8yc82DS3BIE5Ma6FnBVUsJ7wVUDz4dvOWQ=="],

    "dotenv": ["dotenv@17.2.1", "", {}, "sha512-kQhDYKZecqnM0fCnzI5eIv5L4cAe/iRI+HqMbO/hbRdTAeXDG+M9FjipUxNfbARuEg4iHIbhnhs78BCHNbSxEQ=="],

    "esbuild": ["esbuild@0.25.9", "", { "optionalDependencies": { "@esbuild/aix-ppc64": "0.25.9", "@esbuild/android-arm": "0.25.9", "@esbuild/android-arm64": "0.25.9", "@esbuild/android-x64": "0.25.9", "@esbuild/darwin-arm64": "0.25.9", "@esbuild/darwin-x64": "0.25.9", "@esbuild/freebsd-arm64": "0.25.9", "@esbuild/freebsd-x64": "0.25.9", "@esbuild/linux-arm": "0.25.9", "@esbuild/linux-arm64": "0.25.9", "@esbuild/linux-ia32": "0.25.9", "@esbuild/linux-loong64": "0.25.9", "@esbuild/linux-mips64el": "0.25.9", "@esbuild/linux-ppc64": "0.25.9", "@esbuild/linux-riscv64": "0.25.9", "@esbuild/linux-s390x": "0.25.9", "@esbuild/linux-x64": "0.25.9", "@esbuild/netbsd-arm64": "0.25.9", "@esbuild/netbsd-x64": "0.25.9", "@esbuild/openbsd-arm64": "0.25.9", "@esbuild/openbsd-x64": "0.25.9", "@esbuild/openharmony-arm64": "0.25.9", "@esbuild/sunos-x64": "0.25.9", "@esbuild/win32-arm64": "0.25.9", "@esbuild/win32-ia32": "0.25.9", "@esbuild/win32-x64": "0.25.9" }, "bin": { "esbuild": "bin/esbuild" } }, "sha512-CRbODhYyQx3qp7ZEwzxOk4JBqmD/seJrzPa/cGjY1VtIn5E09Oi9/dB4JwctnfZ8Q8iT7rioVv5k/FNT/uf54g=="],

    "fastestsmallesttextencoderdecoder": ["fastestsmallesttextencoderdecoder@1.0.22", "", {}, "sha512-Pb8d48e+oIuY4MaM64Cd7OW1gt4nxCHs7/ddPPZ/Ic3sg8yVGM7O9wDvZ7us6ScaUupzM+pfBolwtYhN1IxBIw=="],

    "fsevents": ["fsevents@2.3.3", "", { "os": "darwin" }, "sha512-5xoDfX+fL7faATnagmWPpbFtwh/R77WmMMqqHGS65C3vvB0YHrgF+B1YmZ3441tMj5n63k0212XNoJwzlhffQw=="],

    "get-tsconfig": ["get-tsconfig@4.10.1", "", { "dependencies": { "resolve-pkg-maps": "1.0.0" } }, "sha512-auHyJ4AgMz7vgS8Hp3N6HXSmlMdUyhSUrfBF16w153rxtLIEOE+HGqaBppczZvnHLqQJfiHotCYpNhl0lUROFQ=="],

    "resolve-pkg-maps": ["resolve-pkg-maps@1.0.0", "", {}, "sha512-seS2Tj26TBVOC2NIc2rOe2y2ZO7efxITtLZcGSOnHHNOQ7CkiUBfw0Iw2ck6xkIhPwLhKNLS8BO+hEpngQlqzw=="],

    "tsx": ["tsx@4.20.5", "", { "dependencies": { "esbuild": "0.25.9", "get-tsconfig": "4.10.1" }, "optionalDependencies": { "fsevents": "2.3.3" }, "bin": { "tsx": "dist/cli.mjs" } }, "sha512-+wKjMNU9w/EaQayHXb7WA7ZaHY6hN8WgfvHNQ3t1PnU91/7O8TcTnIhCDYTZwnt8JsO9IBqZ30Ln1r7pPF52Aw=="],

    "typescript": ["typescript@5.9.2", "", { "bin": { "tsc": "bin/tsc", "tsserver": "bin/tsserver" } }, "sha512-CWBzXQrc/qOkhidw1OzBTQuYRbfyxDXJMVJ1XNwUHGROVmuaeiEm3OslpZ1RV96d7SKKjZKrSJu3+t/xlw3R9A=="],

    "undici-types": ["undici-types@7.10.0", "", {}, "sha512-t5Fy/nfn+14LuOc2KNYg75vZqClpAiqscVvMygNnlsHBFpSXdJaYtXMcdNLpl/Qvc3P2cB3s6lOV51nqsFq4ag=="],

    "ws": ["ws@8.19.0", "", {}, "sha512-blAT2mjOEIi0ZzruJfIhb3nps74PRWTCz1IjglWEEpQl5XS/UNama6u2/rjFkDDouqr4L67ry+1aGIALViWjDg=="],

    "@solana/rpc-transport-http/undici-types": ["undici-types@7.19.0", "", {}, "sha512-Rjk2OWDZf2eiXVQjY2HyE3XPjqW/wXnSZq0QkOsPKZEnaetNNBObTp91LYfGdB8hRbRZk4HFcM/cONw452B0AQ=="],
  }
}
